
Microsoft Visual Studio Solution File, Format Version 12.00
# Visual Studio Version 16
VisualStudioVersion = 16.0.30204.135
MinimumVisualStudioVersion = 10.0.40219.1
Project("{FAE04EC0-301F-11D3-BF4B-00C04F79EFBC}") = "PassGen", "PassGen\PassGen.csproj", "{59F6A65F-EA50-435B-94E7-12871BD68C19}"
EndProject
Project("{FAE04EC0-301F-11D3-BF4B-00C04F79EFBC}") = "PassGen.Test", "PassGen.Test\PassGen.Test.csproj", "{392DD547-C06B-4E6B-B68D-F860C3DB1642}"
EndProject
Global
	GlobalSection(SolutionConfigurationPlatforms) = preSolution
		Debug|Any CPU = Debug|Any CPU
		Release|Any CPU = Release|Any CPU
	EndGlobalSection
	GlobalSection(ProjectConfigurationPlatforms) = postSolution
		{59F6A65F-EA50-435B-94E7-12871BD68C19}.Debug|Any CPU.ActiveCfg = Debug|Any CPU
		{59F6A65F-EA50-435B-94E7-12871BD68C19}.Debug|Any CPU.Build.0 = Debug|Any CPU
		{59F6A65F-EA50-435B-94E7-12871BD68C19}.Release|Any CPU.ActiveCfg = Release|Any CPU
		{59F6A65F-EA50-435B-94E7-12871BD68C19}.Release|Any CPU.Build.0 = Release|Any CPU
		{392DD547-C06B-4E6B-B68D-F860C3DB1642}.Debug|Any CPU.ActiveCfg = Debug|Any CPU
		{392DD547-C06B-4E6B-B68D-F860C3DB1642}.Debug|Any CPU.Build.0 = Debug|Any CPU
		{392DD547-C06B-4E6B-B68D-F860C3DB1642}.Release|Any CPU.ActiveCfg = Release|Any CPU
		{392DD547-C06B-4E6B-B68D-F860C3DB1642}.Release|Any CPU.Build.0 = Release|Any CPU
	EndGlobalSection
	GlobalSection(SolutionProperties) = preSolution
		HideSolutionNode = FALSE
	EndGlobalSection
	GlobalSection(ExtensibilityGlobals) = postSolution
		SolutionGuid = {6A781064-E5B9-4730-8707-0F1CA1E61BCD}
	EndGlobalSection
EndGlobal
